
Microsoft Visual Studio Solution File, Format Version 12.00
# Visual Studio 15
VisualStudioVersion = 15.0.27130.2010
MinimumVisualStudioVersion = 10.0.40219.1
Project("{9A19103F-16F7-4668-BE54-9A1E7A4F7556}") = "EdFi.Admin.LearningStandards.Core", "EdFi.Admin.LearningStandards.Core\EdFi.Admin.LearningStandards.Core.csproj", "{19850291-1C65-47F1-B54F-3D15A97DA077}"
EndProject
Project("{9A19103F-16F7-4668-BE54-9A1E7A4F7556}") = "EdFi.Admin.LearningStandards.CLI", "EdFi.Admin.LearningStandards.CLI\EdFi.Admin.LearningStandards.CLI.csproj", "{D8F58C2E-566B-4511-B027-7ADDBD50A432}"
EndProject
Project("{9A19103F-16F7-4668-BE54-9A1E7A4F7556}") = "EdFi.Admin.LearningStandards.Tests", "EdFi.Admin.LearningStandards.Tests\EdFi.Admin.LearningStandards.Tests.csproj", "{1621032C-8D5D-4E0F-9EEF-6F34110C5227}"
EndProject
Project("{2150E333-8FDC-42A3-9474-1A3956D46DE8}") = "Docs", "Docs", "{E5DF3BC6-DE48-4594-813C-7A4E8EBBDAD7}"
	ProjectSection(SolutionItems) = preProject
		..\README.md = ..\README.md
	EndProjectSection
EndProject
Global
	GlobalSection(SolutionConfigurationPlatforms) = preSolution
		Debug|Any CPU = Debug|Any CPU
		Release|Any CPU = Release|Any CPU
	EndGlobalSection
	GlobalSection(ProjectConfigurationPlatforms) = postSolution
		{19850291-1C65-47F1-B54F-3D15A97DA077}.Debug|Any CPU.ActiveCfg = Debug|Any CPU
		{19850291-1C65-47F1-B54F-3D15A97DA077}.Debug|Any CPU.Build.0 = Debug|Any CPU
		{19850291-1C65-47F1-B54F-3D15A97DA077}.Release|Any CPU.ActiveCfg = Release|Any CPU
		{19850291-1C65-47F1-B54F-3D15A97DA077}.Release|Any CPU.Build.0 = Release|Any CPU
		{D8F58C2E-566B-4511-B027-7ADDBD50A432}.Debug|Any CPU.ActiveCfg = Debug|Any CPU
		{D8F58C2E-566B-4511-B027-7ADDBD50A432}.Debug|Any CPU.Build.0 = Debug|Any CPU
		{D8F58C2E-566B-4511-B027-7ADDBD50A432}.Release|Any CPU.ActiveCfg = Release|Any CPU
		{D8F58C2E-566B-4511-B027-7ADDBD50A432}.Release|Any CPU.Build.0 = Release|Any CPU
		{1621032C-8D5D-4E0F-9EEF-6F34110C5227}.Debug|Any CPU.ActiveCfg = Debug|Any CPU
		{1621032C-8D5D-4E0F-9EEF-6F34110C5227}.Debug|Any CPU.Build.0 = Debug|Any CPU
		{1621032C-8D5D-4E0F-9EEF-6F34110C5227}.Release|Any CPU.ActiveCfg = Release|Any CPU
		{1621032C-8D5D-4E0F-9EEF-6F34110C5227}.Release|Any CPU.Build.0 = Release|Any CPU
	EndGlobalSection
	GlobalSection(SolutionProperties) = preSolution
		HideSolutionNode = FALSE
	EndGlobalSection
	GlobalSection(ExtensibilityGlobals) = postSolution
		SolutionGuid = {3B36B487-3618-4DC3-B7B3-744F15B252B0}
	EndGlobalSection
EndGlobal
